
Microsoft Visual Studio Solution File, Format Version 12.00
# Visual Studio Version 17
VisualStudioVersion = 17.4.33213.308
MinimumVisualStudioVersion = 10.0.40219.1
Project("{FAE04EC0-301F-11D3-BF4B-00C04F79EFBC}") = "CoupleShop", "CoupleShop\CoupleShop.csproj", "{E54DA335-EE94-4597-8EEB-D585D813941E}"
EndProject
Global
	GlobalSection(SolutionConfigurationPlatforms) = preSolution
		Debug|Any CPU = Debug|Any CPU
		Release|Any CPU = Release|Any CPU
	EndGlobalSection
	GlobalSection(ProjectConfigurationPlatforms) = postSolution
		{E54DA335-EE94-4597-8EEB-D585D813941E}.Debug|Any CPU.ActiveCfg = Debug|Any CPU
		{E54DA335-EE94-4597-8EEB-D585D813941E}.Debug|Any CPU.Build.0 = Debug|Any CPU
		{E54DA335-EE94-4597-8EEB-D585D813941E}.Release|Any CPU.ActiveCfg = Release|Any CPU
		{E54DA335-EE94-4597-8EEB-D585D813941E}.Release|Any CPU.Build.0 = Release|Any CPU
	EndGlobalSection
	GlobalSection(SolutionProperties) = preSolution
		HideSolutionNode = FALSE
	EndGlobalSection
	GlobalSection(ExtensibilityGlobals) = postSolution
		SolutionGuid = {9AA6EDE4-70A8-4F22-825A-6DF0BE378FD0}
	EndGlobalSection
EndGlobal
